
Microsoft Visual Studio Solution File, Format Version 12.00
# Visual Studio Version 17
VisualStudioVersion = 17.11.35222.181
MinimumVisualStudioVersion = 10.0.40219.1
Project("{8BC9CEB8-8B4A-11D0-8D11-00A0C91BC942}") = "para_31-32", "para_31-32\para_31-32.vcxproj", "{F7810D6D-A878-46E5-B36B-794A2ADDF866}"
EndProject
Global
	GlobalSection(SolutionConfigurationPlatforms) = preSolution
		Debug|x64 = Debug|x64
		Debug|x86 = Debug|x86
		Release|x64 = Release|x64
		Release|x86 = Release|x86
	EndGlobalSection
	GlobalSection(ProjectConfigurationPlatforms) = postSolution
		{F7810D6D-A878-46E5-B36B-794A2ADDF866}.Debug|x64.ActiveCfg = Debug|x64
		{F7810D6D-A878-46E5-B36B-794A2ADDF866}.Debug|x64.Build.0 = Debug|x64
		{F7810D6D-A878-46E5-B36B-794A2ADDF866}.Debug|x86.ActiveCfg = Debug|Win32
		{F7810D6D-A878-46E5-B36B-794A2ADDF866}.Debug|x86.Build.0 = Debug|Win32
		{F7810D6D-A878-46E5-B36B-794A2ADDF866}.Release|x64.ActiveCfg = Release|x64
		{F7810D6D-A878-46E5-B36B-794A2ADDF866}.Release|x64.Build.0 = Release|x64
		{F7810D6D-A878-46E5-B36B-794A2ADDF866}.Release|x86.ActiveCfg = Release|Win32
		{F7810D6D-A878-46E5-B36B-794A2ADDF866}.Release|x86.Build.0 = Release|Win32
	EndGlobalSection
	GlobalSection(SolutionProperties) = preSolution
		HideSolutionNode = FALSE
	EndGlobalSection
	GlobalSection(ExtensibilityGlobals) = postSolution
		SolutionGuid = {A0C687D3-8296-4832-8164-6AE427692A3F}
	EndGlobalSection
EndGlobal
