
Microsoft Visual Studio Solution File, Format Version 12.00
# Visual Studio Version 17
VisualStudioVersion = 17.11.35222.181
MinimumVisualStudioVersion = 10.0.40219.1
Project("{8BC9CEB8-8B4A-11D0-8D11-00A0C91BC942}") = "Multidimensional_dynamic_arrays", "Multidimensional_dynamic_arrays\Multidimensional_dynamic_arrays.vcxproj", "{EBF44F15-65FF-4E5C-92E4-133F8E24E3B7}"
EndProject
Global
	GlobalSection(SolutionConfigurationPlatforms) = preSolution
		Debug|x64 = Debug|x64
		Debug|x86 = Debug|x86
		Release|x64 = Release|x64
		Release|x86 = Release|x86
	EndGlobalSection
	GlobalSection(ProjectConfigurationPlatforms) = postSolution
		{EBF44F15-65FF-4E5C-92E4-133F8E24E3B7}.Debug|x64.ActiveCfg = Debug|x64
		{EBF44F15-65FF-4E5C-92E4-133F8E24E3B7}.Debug|x64.Build.0 = Debug|x64
		{EBF44F15-65FF-4E5C-92E4-133F8E24E3B7}.Debug|x86.ActiveCfg = Debug|Win32
		{EBF44F15-65FF-4E5C-92E4-133F8E24E3B7}.Debug|x86.Build.0 = Debug|Win32
		{EBF44F15-65FF-4E5C-92E4-133F8E24E3B7}.Release|x64.ActiveCfg = Release|x64
		{EBF44F15-65FF-4E5C-92E4-133F8E24E3B7}.Release|x64.Build.0 = Release|x64
		{EBF44F15-65FF-4E5C-92E4-133F8E24E3B7}.Release|x86.ActiveCfg = Release|Win32
		{EBF44F15-65FF-4E5C-92E4-133F8E24E3B7}.Release|x86.Build.0 = Release|Win32
	EndGlobalSection
	GlobalSection(SolutionProperties) = preSolution
		HideSolutionNode = FALSE
	EndGlobalSection
	GlobalSection(ExtensibilityGlobals) = postSolution
		SolutionGuid = {470E5E93-9A7F-400F-8680-0529087CE108}
	EndGlobalSection
EndGlobal
